
Microsoft Visual Studio Solution File, Format Version 12.00
# Visual Studio Version 16
VisualStudioVersion = 16.0.28729.10
MinimumVisualStudioVersion = 10.0.40219.1
Project("{9A19103F-16F7-4668-BE54-9A1E7A4F7556}") = "Fun.Api", "Fun.Api\Fun.Api.csproj", "{3B916D79-4B06-4C75-B299-3C47B0AFB419}"
EndProject
Project("{9A19103F-16F7-4668-BE54-9A1E7A4F7556}") = "Fun.VideoPlayer", "VideoPlayer\Fun.VideoPlayer.csproj", "{FE9F0A60-A3E6-46B3-8603-7BA3D5AC9208}"
EndProject
Project("{2150E333-8FDC-42A3-9474-1A3956D46DE8}") = "Solution Items", "Solution Items", "{9F683C42-863A-4CFF-9E64-F36848F409AA}"
	ProjectSection(SolutionItems) = preProject
		.editorconfig = .editorconfig
	EndProjectSection
EndProject
Global
	GlobalSection(SolutionConfigurationPlatforms) = preSolution
		Debug|Any CPU = Debug|Any CPU
		Release|Any CPU = Release|Any CPU
	EndGlobalSection
	GlobalSection(ProjectConfigurationPlatforms) = postSolution
		{3B916D79-4B06-4C75-B299-3C47B0AFB419}.Debug|Any CPU.ActiveCfg = Debug|Any CPU
		{3B916D79-4B06-4C75-B299-3C47B0AFB419}.Debug|Any CPU.Build.0 = Debug|Any CPU
		{3B916D79-4B06-4C75-B299-3C47B0AFB419}.Release|Any CPU.ActiveCfg = Release|Any CPU
		{3B916D79-4B06-4C75-B299-3C47B0AFB419}.Release|Any CPU.Build.0 = Release|Any CPU
		{FE9F0A60-A3E6-46B3-8603-7BA3D5AC9208}.Debug|Any CPU.ActiveCfg = Debug|Any CPU
		{FE9F0A60-A3E6-46B3-8603-7BA3D5AC9208}.Debug|Any CPU.Build.0 = Debug|Any CPU
		{FE9F0A60-A3E6-46B3-8603-7BA3D5AC9208}.Release|Any CPU.ActiveCfg = Release|Any CPU
		{FE9F0A60-A3E6-46B3-8603-7BA3D5AC9208}.Release|Any CPU.Build.0 = Release|Any CPU
	EndGlobalSection
	GlobalSection(SolutionProperties) = preSolution
		HideSolutionNode = FALSE
	EndGlobalSection
	GlobalSection(ExtensibilityGlobals) = postSolution
		SolutionGuid = {BC19F3E0-251B-4D6E-B4F3-71503493F932}
	EndGlobalSection
EndGlobal
